
Microsoft Visual Studio Solution File, Format Version 12.00
# Visual Studio Version 17
VisualStudioVersion = 17.8.34330.188
MinimumVisualStudioVersion = 10.0.40219.1
Project("{FAE04EC0-301F-11D3-BF4B-00C04F79EFBC}") = "LW7", "LW7\LW7.csproj", "{FFB0A5FB-D8F5-4364-86C6-1A2F76809888}"
EndProject
Project("{FAE04EC0-301F-11D3-BF4B-00C04F79EFBC}") = "TestProject1", "TestProject1\TestProject1.csproj", "{BF92DAA8-BBE9-4993-A0FE-5162CB101A99}"
EndProject
Global
	GlobalSection(SolutionConfigurationPlatforms) = preSolution
		Debug|Any CPU = Debug|Any CPU
		Release|Any CPU = Release|Any CPU
	EndGlobalSection
	GlobalSection(ProjectConfigurationPlatforms) = postSolution
		{FFB0A5FB-D8F5-4364-86C6-1A2F76809888}.Debug|Any CPU.ActiveCfg = Debug|Any CPU
		{FFB0A5FB-D8F5-4364-86C6-1A2F76809888}.Debug|Any CPU.Build.0 = Debug|Any CPU
		{FFB0A5FB-D8F5-4364-86C6-1A2F76809888}.Release|Any CPU.ActiveCfg = Release|Any CPU
		{FFB0A5FB-D8F5-4364-86C6-1A2F76809888}.Release|Any CPU.Build.0 = Release|Any CPU
		{BF92DAA8-BBE9-4993-A0FE-5162CB101A99}.Debug|Any CPU.ActiveCfg = Debug|Any CPU
		{BF92DAA8-BBE9-4993-A0FE-5162CB101A99}.Debug|Any CPU.Build.0 = Debug|Any CPU
		{BF92DAA8-BBE9-4993-A0FE-5162CB101A99}.Release|Any CPU.ActiveCfg = Release|Any CPU
		{BF92DAA8-BBE9-4993-A0FE-5162CB101A99}.Release|Any CPU.Build.0 = Release|Any CPU
	EndGlobalSection
	GlobalSection(SolutionProperties) = preSolution
		HideSolutionNode = FALSE
	EndGlobalSection
	GlobalSection(ExtensibilityGlobals) = postSolution
		SolutionGuid = {77A7FF97-914A-4AB9-937A-9A5D7665F025}
	EndGlobalSection
EndGlobal
